
Microsoft Visual Studio Solution File, Format Version 12.00
# Visual Studio Version 18
VisualStudioVersion = 18.3.11408.92 d18.3
MinimumVisualStudioVersion = 10.0.40219.1
Project("{FAE04EC0-301F-11D3-BF4B-00C04F79EFBC}") = "ToppleBitMod", "ToppleBitMod\ToppleBitMod.csproj", "{13647921-2206-A235-6DE7-42F6D8E93E01}"
EndProject
Global
	GlobalSection(SolutionConfigurationPlatforms) = preSolution
		Debug|Any CPU = Debug|Any CPU
		Release|Any CPU = Release|Any CPU
	EndGlobalSection
	GlobalSection(ProjectConfigurationPlatforms) = postSolution
		{13647921-2206-A235-6DE7-42F6D8E93E01}.Debug|Any CPU.ActiveCfg = Debug|Any CPU
		{13647921-2206-A235-6DE7-42F6D8E93E01}.Debug|Any CPU.Build.0 = Debug|Any CPU
		{13647921-2206-A235-6DE7-42F6D8E93E01}.Release|Any CPU.ActiveCfg = Release|Any CPU
		{13647921-2206-A235-6DE7-42F6D8E93E01}.Release|Any CPU.Build.0 = Release|Any CPU
	EndGlobalSection
	GlobalSection(SolutionProperties) = preSolution
		HideSolutionNode = FALSE
	EndGlobalSection
	GlobalSection(ExtensibilityGlobals) = postSolution
		SolutionGuid = {17DB1C9F-5263-49DC-B379-464E103E85C7}
	EndGlobalSection
EndGlobal
